{
  "name": "axocoatl-vendored-browser-audit",
  "version": "1.0.0",
  "lockfileVersion": 3,
  "requires": true,
  "packages": {
    "": {
      "name": "axocoatl-vendored-browser-audit",
      "version": "1.0.0",
      "license": "UNLICENSED",
      "dependencies": {
        "@fontsource-variable/jetbrains-mono": "5.3.0",
        "@fontsource-variable/space-grotesk": "5.3.0",
        "@highlightjs/cdn-assets": "11.10.0",
        "@vscode/codicons": "0.0.45",
        "dompurify": "3.4.13",
        "markdown-it": "14.3.0",
        "monaco-editor": "0.56.0",
        "xterm": "5.3.0",
        "xterm-addon-fit": "0.8.0"
      }
    },
    "node_modules/@fontsource-variable/jetbrains-mono": {
      "version": "5.3.0",
      "resolved": "https://registry.npmjs.org/@fontsource-variable/jetbrains-mono/-/jetbrains-mono-5.3.0.tgz",
      "integrity": "sha512-F32xpS2NsGYoQi2ADSkKTgpJj7ozajsGgDJ8woTnqjmIB+dxDIqImjl4pXZVEExu8UFZ2ndhmX18EBS/hdz3Lw==",
      "license": "OFL-1.1",
      "funding": {
        "url": "https://github.com/sponsors/ayuhito"
      }
    },
    "node_modules/@fontsource-variable/space-grotesk": {
      "version": "5.3.0",
      "resolved": "https://registry.npmjs.org/@fontsource-variable/space-grotesk/-/space-grotesk-5.3.0.tgz",
      "integrity": "sha512-2IxmvfB08i9vnGB3Ym/AXvhRE+8XOjWMXIyDum03c+tPwH0FUoMNQfGpU8NXPxjbws0Vvss3AH0Zqt4oJBBAdw==",
      "license": "OFL-1.1",
      "funding": {
        "url": "https://github.com/sponsors/ayuhito"
      }
    },
    "node_modules/@highlightjs/cdn-assets": {
      "version": "11.10.0",
      "resolved": "https://registry.npmjs.org/@highlightjs/cdn-assets/-/cdn-assets-11.10.0.tgz",
      "integrity": "sha512-vWXpu+Rdm0YMJmugFdUiL/9DmgYjEiV+d5DBqlXdApnGPSIeo6+LRS5Hpx6fvVsKkvR4RsLYD9rQ6DOLkj7OKA==",
      "license": "BSD-3-Clause",
      "engines": {
        "node": ">=12.0.0"
      }
    },
    "node_modules/@types/trusted-types": {
      "version": "2.0.7",
      "resolved": "https://registry.npmjs.org/@types/trusted-types/-/trusted-types-2.0.7.tgz",
      "integrity": "sha512-ScaPdn1dQczgbl0QFTeTOmVHFULt394XJgOQNoyVhZ6r2vLnMLJfBPd53SB52T/3G36VI1/g2MZaX0cwDuXsfw==",
      "license": "MIT",
      "optional": true
    },
    "node_modules/@vscode/codicons": {
      "version": "0.0.45",
      "resolved": "https://registry.npmjs.org/@vscode/codicons/-/codicons-0.0.45.tgz",
      "integrity": "sha512-1KAZ7XCMagp5Gdrlr4bbbcAqgcIL623iO1wW6rfcSVGAVUQvR0WP7bQx1SbJ11gmV3fdQTSEFIJQ/5C+HuVasw==",
      "license": "CC-BY-4.0"
    },
    "node_modules/argparse": {
      "version": "2.0.1",
      "resolved": "https://registry.npmjs.org/argparse/-/argparse-2.0.1.tgz",
      "integrity": "sha512-8+9WqebbFzpX9OR+Wa6O29asIogeRMzcGtAINdpMHHyAg10f05aSFVBbcEqGf/PXw1EjAZ+q2/bEBg3DvurK3Q==",
      "license": "Python-2.0"
    },
    "node_modules/dompurify": {
      "version": "3.4.13",
      "resolved": "https://registry.npmjs.org/dompurify/-/dompurify-3.4.13.tgz",
      "integrity": "sha512-2vmYIoqjze2d+kakP8S/nS5shfsl587kzwEjcGlTdiksUVgFHnFCsLYDVj/JNqJVOQZGSYBTmuycv0PodwmnMQ==",
      "license": "(MPL-2.0 OR Apache-2.0)",
      "optionalDependencies": {
        "@types/trusted-types": "^2.0.7"
      }
    },
    "node_modules/entities": {
      "version": "4.5.0",
      "resolved": "https://registry.npmjs.org/entities/-/entities-4.5.0.tgz",
      "integrity": "sha512-V0hjH4dGPh9Ao5p0MoRY6BVqtwCjhz6vI5LT8AJ55H+4g9/4vbHx1I54fS0XuclLhDHArPQCiMjDxjaL8fPxhw==",
      "license": "BSD-2-Clause",
      "engines": {
        "node": ">=0.12"
      },
      "funding": {
        "url": "https://github.com/fb55/entities?sponsor=1"
      }
    },
    "node_modules/linkify-it": {
      "version": "5.0.2",
      "resolved": "https://registry.npmjs.org/linkify-it/-/linkify-it-5.0.2.tgz",
      "integrity": "sha512-ONTm2jCMAVZjgQa/Fy1kScXsuOoF5NPTsoFBdE1KVIZ2vAh/r9+Bqo+0jINCBYnavTPQZz38QzFTme79ENoN3Q==",
      "funding": [
        {
          "type": "github",
          "url": "https://github.com/sponsors/puzrin"
        },
        {
          "type": "github",
          "url": "https://github.com/sponsors/markdown-it"
        }
      ],
      "license": "MIT",
      "dependencies": {
        "uc.micro": "^2.0.0"
      }
    },
    "node_modules/markdown-it": {
      "version": "14.3.0",
      "resolved": "https://registry.npmjs.org/markdown-it/-/markdown-it-14.3.0.tgz",
      "integrity": "sha512-RCEsPjR+sr0x+AuYp601tKTkgFG4YEPLCzHST3cQ/fhlJkqAkz1L2/Qbp1j9qw5SBwQHFBoW8+hoN5xssOF0Tw==",
      "funding": [
        {
          "type": "github",
          "url": "https://github.com/sponsors/puzrin"
        },
        {
          "type": "github",
          "url": "https://github.com/sponsors/markdown-it"
        }
      ],
      "license": "MIT",
      "dependencies": {
        "argparse": "^2.0.1",
        "entities": "^4.5.0",
        "linkify-it": "^5.0.2",
        "mdurl": "^2.0.0",
        "punycode.js": "^2.3.1",
        "uc.micro": "^2.1.0"
      },
      "bin": {
        "markdown-it": "bin/markdown-it.mjs"
      }
    },
    "node_modules/marked": {
      "version": "14.0.0",
      "resolved": "https://registry.npmjs.org/marked/-/marked-14.0.0.tgz",
      "integrity": "sha512-uIj4+faQ+MgHgwUW1l2PsPglZLOLOT1uErt06dAPtx2kjteLAkbsd/0FiYg/MGS+i7ZKLb7w2WClxHkzOOuryQ==",
      "license": "MIT",
      "bin": {
        "marked": "bin/marked.js"
      },
      "engines": {
        "node": ">= 18"
      }
    },
    "node_modules/mdurl": {
      "version": "2.1.0",
      "resolved": "https://registry.npmjs.org/mdurl/-/mdurl-2.1.0.tgz",
      "integrity": "sha512-1+HBaOx0zi/dQWht8rNv9MYf9qqpqL/kxI0hXImU6Y547zM6Sni8BQibt7ifgMcYtQg41ao3Ivd6cnSM86inpg==",
      "license": "MIT"
    },
    "node_modules/monaco-editor": {
      "version": "0.56.0",
      "resolved": "https://registry.npmjs.org/monaco-editor/-/monaco-editor-0.56.0.tgz",
      "integrity": "sha512-sXboRm3BeBeLm938eaiyLMe0OxzfXIlZvbv4ir/jVgQy1zDhWjgmny0WoN45fuDKhCCQsYMbBJrv/A6jd8aCUg==",
      "license": "MIT",
      "dependencies": {
        "dompurify": "3.4.8",
        "marked": "14.0.0"
      }
    },
    "node_modules/punycode.js": {
      "version": "2.3.1",
      "resolved": "https://registry.npmjs.org/punycode.js/-/punycode.js-2.3.1.tgz",
      "integrity": "sha512-uxFIHU0YlHYhDQtV4R9J6a52SLx28BCjT+4ieh7IGbgwVJWO+km431c4yRlREUAsAmt/uMjQUyQHNEPf0M39CA==",
      "license": "MIT",
      "engines": {
        "node": ">=6"
      }
    },
    "node_modules/uc.micro": {
      "version": "2.1.0",
      "resolved": "https://registry.npmjs.org/uc.micro/-/uc.micro-2.1.0.tgz",
      "integrity": "sha512-ARDJmphmdvUk6Glw7y9DQ2bFkKBHwQHLi2lsaH6PPmz/Ka9sFOBsBluozhDltWmnv9u/cF6Rt87znRTPV+yp/A==",
      "license": "MIT"
    },
    "node_modules/xterm": {
      "version": "5.3.0",
      "resolved": "https://registry.npmjs.org/xterm/-/xterm-5.3.0.tgz",
      "integrity": "sha512-8QqjlekLUFTrU6x7xck1MsPzPA571K5zNqWm0M0oroYEWVOptZ0+ubQSkQ3uxIEhcIHRujJy6emDWX4A7qyFzg==",
      "deprecated": "This package is now deprecated. Move to @xterm/xterm instead.",
      "license": "MIT"
    },
    "node_modules/xterm-addon-fit": {
      "version": "0.8.0",
      "resolved": "https://registry.npmjs.org/xterm-addon-fit/-/xterm-addon-fit-0.8.0.tgz",
      "integrity": "sha512-yj3Np7XlvxxhYF/EJ7p3KHaMt6OdwQ+HDu573Vx1lRXsVxOcnVJs51RgjZOouIZOczTsskaS+CpXspK81/DLqw==",
      "deprecated": "This package is now deprecated. Move to @xterm/addon-fit instead.",
      "license": "MIT",
      "peerDependencies": {
        "xterm": "^5.0.0"
      }
    }
  }
}
